
Microsoft Visual Studio Solution File, Format Version 12.00
# Visual Studio 15
VisualStudioVersion = 15.0.27130.2010
MinimumVisualStudioVersion = 10.0.40219.1
Project("{FAE04EC0-301F-11D3-BF4B-00C04F79EFBC}") = "AspNetCore01", "AspNetCore01\AspNetCore01.csproj", "{7D4A872D-4860-4F62-A896-619B9962D3A3}"
EndProject
Global
	GlobalSection(SolutionConfigurationPlatforms) = preSolution
		Debug|Any CPU = Debug|Any CPU
		Release|Any CPU = Release|Any CPU
	EndGlobalSection
	GlobalSection(ProjectConfigurationPlatforms) = postSolution
		{7D4A872D-4860-4F62-A896-619B9962D3A3}.Debug|Any CPU.ActiveCfg = Debug|Any CPU
		{7D4A872D-4860-4F62-A896-619B9962D3A3}.Debug|Any CPU.Build.0 = Debug|Any CPU
		{7D4A872D-4860-4F62-A896-619B9962D3A3}.Release|Any CPU.ActiveCfg = Release|Any CPU
		{7D4A872D-4860-4F62-A896-619B9962D3A3}.Release|Any CPU.Build.0 = Release|Any CPU
	EndGlobalSection
	GlobalSection(SolutionProperties) = preSolution
		HideSolutionNode = FALSE
	EndGlobalSection
	GlobalSection(ExtensibilityGlobals) = postSolution
		SolutionGuid = {363E2300-523E-4FFE-B437-83120CD80542}
	EndGlobalSection
EndGlobal
